
Microsoft Visual Studio Solution File, Format Version 12.00
# Visual Studio Version 16
VisualStudioVersion = 16.0.29306.81
MinimumVisualStudioVersion = 10.0.40219.1
Project("{FAE04EC0-301F-11D3-BF4B-00C04F79EFBC}") = "Task01", "Task01\Task01.csproj", "{71EB4845-7E5B-4F4C-A319-8CBEC97A1FF2}"
EndProject
Project("{FAE04EC0-301F-11D3-BF4B-00C04F79EFBC}") = "Task02", "Task02\Task02.csproj", "{25B7569E-CD62-4FC9-9022-82B2CED3961C}"
EndProject
Project("{FAE04EC0-301F-11D3-BF4B-00C04F79EFBC}") = "Task03", "Task03\Task03.csproj", "{109F9EE6-B0A7-401B-91D3-7D17DAE12A1A}"
EndProject
Project("{FAE04EC0-301F-11D3-BF4B-00C04F79EFBC}") = "Task04", "Task04\Task04.csproj", "{13CCBF62-3A69-4832-AC42-F421568B51AF}"
EndProject
Global
	GlobalSection(SolutionConfigurationPlatforms) = preSolution
		Debug|Any CPU = Debug|Any CPU
		Release|Any CPU = Release|Any CPU
	EndGlobalSection
	GlobalSection(ProjectConfigurationPlatforms) = postSolution
		{71EB4845-7E5B-4F4C-A319-8CBEC97A1FF2}.Debug|Any CPU.ActiveCfg = Debug|Any CPU
		{71EB4845-7E5B-4F4C-A319-8CBEC97A1FF2}.Debug|Any CPU.Build.0 = Debug|Any CPU
		{71EB4845-7E5B-4F4C-A319-8CBEC97A1FF2}.Release|Any CPU.ActiveCfg = Release|Any CPU
		{71EB4845-7E5B-4F4C-A319-8CBEC97A1FF2}.Release|Any CPU.Build.0 = Release|Any CPU
		{25B7569E-CD62-4FC9-9022-82B2CED3961C}.Debug|Any CPU.ActiveCfg = Debug|Any CPU
		{25B7569E-CD62-4FC9-9022-82B2CED3961C}.Debug|Any CPU.Build.0 = Debug|Any CPU
		{25B7569E-CD62-4FC9-9022-82B2CED3961C}.Release|Any CPU.ActiveCfg = Release|Any CPU
		{25B7569E-CD62-4FC9-9022-82B2CED3961C}.Release|Any CPU.Build.0 = Release|Any CPU
		{109F9EE6-B0A7-401B-91D3-7D17DAE12A1A}.Debug|Any CPU.ActiveCfg = Debug|Any CPU
		{109F9EE6-B0A7-401B-91D3-7D17DAE12A1A}.Debug|Any CPU.Build.0 = Debug|Any CPU
		{109F9EE6-B0A7-401B-91D3-7D17DAE12A1A}.Release|Any CPU.ActiveCfg = Release|Any CPU
		{109F9EE6-B0A7-401B-91D3-7D17DAE12A1A}.Release|Any CPU.Build.0 = Release|Any CPU
		{13CCBF62-3A69-4832-AC42-F421568B51AF}.Debug|Any CPU.ActiveCfg = Debug|Any CPU
		{13CCBF62-3A69-4832-AC42-F421568B51AF}.Debug|Any CPU.Build.0 = Debug|Any CPU
		{13CCBF62-3A69-4832-AC42-F421568B51AF}.Release|Any CPU.ActiveCfg = Release|Any CPU
		{13CCBF62-3A69-4832-AC42-F421568B51AF}.Release|Any CPU.Build.0 = Release|Any CPU
	EndGlobalSection
	GlobalSection(SolutionProperties) = preSolution
		HideSolutionNode = FALSE
	EndGlobalSection
	GlobalSection(ExtensibilityGlobals) = postSolution
		SolutionGuid = {89456CE9-6E07-40FC-81B1-BE0991C73027}
	EndGlobalSection
EndGlobal
